
Microsoft Visual Studio Solution File, Format Version 12.00
# Visual Studio 14
VisualStudioVersion = 14.0.25420.1
MinimumVisualStudioVersion = 10.0.40219.1
Project("{FAE04EC0-301F-11D3-BF4B-00C04F79EFBC}") = "FilePickerSampleApp", "FilePickerSampleApp\FilePickerSampleApp\FilePickerSampleApp.csproj", "{91140C7B-C4D6-48DD-8521-0A944EDC3C97}"
EndProject
Project("{FAE04EC0-301F-11D3-BF4B-00C04F79EFBC}") = "FilePickerSampleApp.Droid", "FilePickerSampleApp\FilePickerSampleApp.Droid\FilePickerSampleApp.Droid.csproj", "{4ABA74F7-1548-4705-B24F-1C5D9BF19BCD}"
EndProject
Project("{FAE04EC0-301F-11D3-BF4B-00C04F79EFBC}") = "FilePickerSampleApp.iOS", "FilePickerSampleApp\FilePickerSampleApp.iOS\FilePickerSampleApp.iOS.csproj", "{444D40BA-673D-4B0F-A5AB-8E0B47C341CA}"
EndProject
Project("{FAE04EC0-301F-11D3-BF4B-00C04F79EFBC}") = "FilePickerSampleApp.UWP", "FilePickerSampleApp\FilePickerSampleApp.UWP\FilePickerSampleApp.UWP.csproj", "{E0C5C5C5-60FB-4DBD-93D1-CA2A73005C7E}"
EndProject
Global
	GlobalSection(SolutionConfigurationPlatforms) = preSolution
		Ad-Hoc|Any CPU = Ad-Hoc|Any CPU
		Ad-Hoc|ARM = Ad-Hoc|ARM
		Ad-Hoc|iPhone = Ad-Hoc|iPhone
		Ad-Hoc|iPhoneSimulator = Ad-Hoc|iPhoneSimulator
		Ad-Hoc|x64 = Ad-Hoc|x64
		Ad-Hoc|x86 = Ad-Hoc|x86
		AppStore|Any CPU = AppStore|Any CPU
		AppStore|ARM = AppStore|ARM
		AppStore|iPhone = AppStore|iPhone
		AppStore|iPhoneSimulator = AppStore|iPhoneSimulator
		AppStore|x64 = AppStore|x64
		AppStore|x86 = AppStore|x86
		Debug|Any CPU = Debug|Any CPU
		Debug|ARM = Debug|ARM
		Debug|iPhone = Debug|iPhone
		Debug|iPhoneSimulator = Debug|iPhoneSimulator
		Debug|x64 = Debug|x64
		Debug|x86 = Debug|x86
		Release|Any CPU = Release|Any CPU
		Release|ARM = Release|ARM
		Release|iPhone = Release|iPhone
		Release|iPhoneSimulator = Release|iPhoneSimulator
		Release|x64 = Release|x64
		Release|x86 = Release|x86
	EndGlobalSection
	GlobalSection(ProjectConfigurationPlatforms) = postSolution
		{91140C7B-C4D6-48DD-8521-0A944EDC3C97}.Ad-Hoc|Any CPU.ActiveCfg = Release|Any CPU
		{91140C7B-C4D6-48DD-8521-0A944EDC3C97}.Ad-Hoc|Any CPU.Build.0 = Release|Any CPU
		{91140C7B-C4D6-48DD-8521-0A944EDC3C97}.Ad-Hoc|ARM.ActiveCfg = Release|Any CPU
		{91140C7B-C4D6-48DD-8521-0A944EDC3C97}.Ad-Hoc|ARM.Build.0 = Release|Any CPU
		{91140C7B-C4D6-48DD-8521-0A944EDC3C97}.Ad-Hoc|iPhone.ActiveCfg = Release|Any CPU
		{91140C7B-C4D6-48DD-8521-0A944EDC3C97}.Ad-Hoc|iPhone.Build.0 = Release|Any CPU
		{91140C7B-C4D6-48DD-8521-0A944EDC3C97}.Ad-Hoc|iPhoneSimulator.ActiveCfg = Release|Any CPU
		{91140C7B-C4D6-48DD-8521-0A944EDC3C97}.Ad-Hoc|iPhoneSimulator.Build.0 = Release|Any CPU
		{91140C7B-C4D6-48DD-8521-0A944EDC3C97}.Ad-Hoc|x64.ActiveCfg = Release|Any CPU
		{91140C7B-C4D6-48DD-8521-0A944EDC3C97}.Ad-Hoc|x64.Build.0 = Release|Any CPU
		{91140C7B-C4D6-48DD-8521-0A944EDC3C97}.Ad-Hoc|x86.ActiveCfg = Release|Any CPU
		{91140C7B-C4D6-48DD-8521-0A944EDC3C97}.Ad-Hoc|x86.Build.0 = Release|Any CPU
		{91140C7B-C4D6-48DD-8521-0A944EDC3C97}.AppStore|Any CPU.ActiveCfg = Release|Any CPU
		{91140C7B-C4D6-48DD-8521-0A944EDC3C97}.AppStore|Any CPU.Build.0 = Release|Any CPU
		{91140C7B-C4D6-48DD-8521-0A944EDC3C97}.AppStore|ARM.ActiveCfg = Release|Any CPU
		{91140C7B-C4D6-48DD-8521-0A944EDC3C97}.AppStore|ARM.Build.0 = Release|Any CPU
		{91140C7B-C4D6-48DD-8521-0A944EDC3C97}.AppStore|iPhone.ActiveCfg = Release|Any CPU
		{91140C7B-C4D6-48DD-8521-0A944EDC3C97}.AppStore|iPhone.Build.0 = Release|Any CPU
		{91140C7B-C4D6-48DD-8521-0A944EDC3C97}.AppStore|iPhoneSimulator.ActiveCfg = Release|Any CPU
		{91140C7B-C4D6-48DD-8521-0A944EDC3C97}.AppStore|iPhoneSimulator.Build.0 = Release|Any CPU
		{91140C7B-C4D6-48DD-8521-0A944EDC3C97}.AppStore|x64.ActiveCfg = Release|Any CPU
		{91140C7B-C4D6-48DD-8521-0A944EDC3C97}.AppStore|x64.Build.0 = Release|Any CPU
		{91140C7B-C4D6-48DD-8521-0A944EDC3C97}.AppStore|x86.ActiveCfg = Release|Any CPU
		{91140C7B-C4D6-48DD-8521-0A944EDC3C97}.AppStore|x86.Build.0 = Release|Any CPU
		{91140C7B-C4D6-48DD-8521-0A944EDC3C97}.Debug|Any CPU.ActiveCfg = Debug|Any CPU
		{91140C7B-C4D6-48DD-8521-0A944EDC3C97}.Debug|Any CPU.Build.0 = Debug|Any CPU
		{91140C7B-C4D6-48DD-8521-0A944EDC3C97}.Debug|ARM.ActiveCfg = Debug|Any CPU
		{91140C7B-C4D6-48DD-8521-0A944EDC3C97}.Debug|ARM.Build.0 = Debug|Any CPU
		{91140C7B-C4D6-48DD-8521-0A944EDC3C97}.Debug|iPhone.ActiveCfg = Debug|Any CPU
		{91140C7B-C4D6-48DD-8521-0A944EDC3C97}.Debug|iPhone.Build.0 = Debug|Any CPU
		{91140C7B-C4D6-48DD-8521-0A944EDC3C97}.Debug|iPhoneSimulator.ActiveCfg = Debug|Any CPU
		{91140C7B-C4D6-48DD-8521-0A944EDC3C97}.Debug|iPhoneSimulator.Build.0 = Debug|Any CPU
		{91140C7B-C4D6-48DD-8521-0A944EDC3C97}.Debug|x64.ActiveCfg = Debug|Any CPU
		{91140C7B-C4D6-48DD-8521-0A944EDC3C97}.Debug|x64.Build.0 = Debug|Any CPU
		{91140C7B-C4D6-48DD-8521-0A944EDC3C97}.Debug|x86.ActiveCfg = Debug|Any CPU
		{91140C7B-C4D6-48DD-8521-0A944EDC3C97}.Debug|x86.Build.0 = Debug|Any CPU
		{91140C7B-C4D6-48DD-8521-0A944EDC3C97}.Release|Any CPU.ActiveCfg = Release|Any CPU
		{91140C7B-C4D6-48DD-8521-0A944EDC3C97}.Release|Any CPU.Build.0 = Release|Any CPU
		{91140C7B-C4D6-48DD-8521-0A944EDC3C97}.Release|ARM.ActiveCfg = Release|Any CPU
		{91140C7B-C4D6-48DD-8521-0A944EDC3C97}.Release|ARM.Build.0 = Release|Any CPU
		{91140C7B-C4D6-48DD-8521-0A944EDC3C97}.Release|iPhone.ActiveCfg = Release|Any CPU
		{91140C7B-C4D6-48DD-8521-0A944EDC3C97}.Release|iPhone.Build.0 = Release|Any CPU
		{91140C7B-C4D6-48DD-8521-0A944EDC3C97}.Release|iPhoneSimulator.ActiveCfg = Release|Any CPU
		{91140C7B-C4D6-48DD-8521-0A944EDC3C97}.Release|iPhoneSimulator.Build.0 = Release|Any CPU
		{91140C7B-C4D6-48DD-8521-0A944EDC3C97}.Release|x64.ActiveCfg = Release|Any CPU
		{91140C7B-C4D6-48DD-8521-0A944EDC3C97}.Release|x64.Build.0 = Release|Any CPU
		{91140C7B-C4D6-48DD-8521-0A944EDC3C97}.Release|x86.ActiveCfg = Release|Any CPU
		{91140C7B-C4D6-48DD-8521-0A944EDC3C97}.Release|x86.Build.0 = Release|Any CPU
		{4ABA74F7-1548-4705-B24F-1C5D9BF19BCD}.Ad-Hoc|Any CPU.ActiveCfg = Release|Any CPU
		{4ABA74F7-1548-4705-B24F-1C5D9BF19BCD}.Ad-Hoc|Any CPU.Build.0 = Release|Any CPU
		{4ABA74F7-1548-4705-B24F-1C5D9BF19BCD}.Ad-Hoc|Any CPU.Deploy.0 = Release|Any CPU
		{4ABA74F7-1548-4705-B24F-1C5D9BF19BCD}.Ad-Hoc|ARM.ActiveCfg = Release|Any CPU
		{4ABA74F7-1548-4705-B24F-1C5D9BF19BCD}.Ad-Hoc|ARM.Build.0 = Release|Any CPU
		{4ABA74F7-1548-4705-B24F-1C5D9BF19BCD}.Ad-Hoc|ARM.Deploy.0 = Release|Any CPU
		{4ABA74F7-1548-4705-B24F-1C5D9BF19BCD}.Ad-Hoc|iPhone.ActiveCfg = Release|Any CPU
		{4ABA74F7-1548-4705-B24F-1C5D9BF19BCD}.Ad-Hoc|iPhone.Build.0 = Release|Any CPU
		{4ABA74F7-1548-4705-B24F-1C5D9BF19BCD}.Ad-Hoc|iPhone.Deploy.0 = Release|Any CPU
		{4ABA74F7-1548-4705-B24F-1C5D9BF19BCD}.Ad-Hoc|iPhoneSimulator.ActiveCfg = Release|Any CPU
		{4ABA74F7-1548-4705-B24F-1C5D9BF19BCD}.Ad-Hoc|iPhoneSimulator.Build.0 = Release|Any CPU
		{4ABA74F7-1548-4705-B24F-1C5D9BF19BCD}.Ad-Hoc|iPhoneSimulator.Deploy.0 = Release|Any CPU
		{4ABA74F7-1548-4705-B24F-1C5D9BF19BCD}.Ad-Hoc|x64.ActiveCfg = Release|Any CPU
		{4ABA74F7-1548-4705-B24F-1C5D9BF19BCD}.Ad-Hoc|x64.Build.0 = Release|Any CPU
		{4ABA74F7-1548-4705-B24F-1C5D9BF19BCD}.Ad-Hoc|x64.Deploy.0 = Release|Any CPU
		{4ABA74F7-1548-4705-B24F-1C5D9BF19BCD}.Ad-Hoc|x86.ActiveCfg = Release|Any CPU
		{4ABA74F7-1548-4705-B24F-1C5D9BF19BCD}.Ad-Hoc|x86.Build.0 = Release|Any CPU
		{4ABA74F7-1548-4705-B24F-1C5D9BF19BCD}.Ad-Hoc|x86.Deploy.0 = Release|Any CPU
		{4ABA74F7-1548-4705-B24F-1C5D9BF19BCD}.AppStore|Any CPU.ActiveCfg = Release|Any CPU
		{4ABA74F7-1548-4705-B24F-1C5D9BF19BCD}.AppStore|Any CPU.Build.0 = Release|Any CPU
		{4ABA74F7-1548-4705-B24F-1C5D9BF19BCD}.AppStore|Any CPU.Deploy.0 = Release|Any CPU
		{4ABA74F7-1548-4705-B24F-1C5D9BF19BCD}.AppStore|ARM.ActiveCfg = Release|Any CPU
		{4ABA74F7-1548-4705-B24F-1C5D9BF19BCD}.AppStore|ARM.Build.0 = Release|Any CPU
		{4ABA74F7-1548-4705-B24F-1C5D9BF19BCD}.AppStore|ARM.Deploy.0 = Release|Any CPU
		{4ABA74F7-1548-4705-B24F-1C5D9BF19BCD}.AppStore|iPhone.ActiveCfg = Release|Any CPU
		{4ABA74F7-1548-4705-B24F-1C5D9BF19BCD}.AppStore|iPhone.Build.0 = Release|Any CPU
		{4ABA74F7-1548-4705-B24F-1C5D9BF19BCD}.AppStore|iPhone.Deploy.0 = Release|Any CPU
		{4ABA74F7-1548-4705-B24F-1C5D9BF19BCD}.AppStore|iPhoneSimulator.ActiveCfg = Release|Any CPU
		{4ABA74F7-1548-4705-B24F-1C5D9BF19BCD}.AppStore|iPhoneSimulator.Build.0 = Release|Any CPU
		{4ABA74F7-1548-4705-B24F-1C5D9BF19BCD}.AppStore|iPhoneSimulator.Deploy.0 = Release|Any CPU
		{4ABA74F7-1548-4705-B24F-1C5D9BF19BCD}.AppStore|x64.ActiveCfg = Release|Any CPU
		{4ABA74F7-1548-4705-B24F-1C5D9BF19BCD}.AppStore|x64.Build.0 = Release|Any CPU
		{4ABA74F7-1548-4705-B24F-1C5D9BF19BCD}.AppStore|x64.Deploy.0 = Release|Any CPU
		{4ABA74F7-1548-4705-B24F-1C5D9BF19BCD}.AppStore|x86.ActiveCfg = Release|Any CPU
		{4ABA74F7-1548-4705-B24F-1C5D9BF19BCD}.AppStore|x86.Build.0 = Release|Any CPU
		{4ABA74F7-1548-4705-B24F-1C5D9BF19BCD}.AppStore|x86.Deploy.0 = Release|Any CPU
		{4ABA74F7-1548-4705-B24F-1C5D9BF19BCD}.Debug|Any CPU.ActiveCfg = Debug|Any CPU
		{4ABA74F7-1548-4705-B24F-1C5D9BF19BCD}.Debug|Any CPU.Build.0 = Debug|Any CPU
		{4ABA74F7-1548-4705-B24F-1C5D9BF19BCD}.Debug|Any CPU.Deploy.0 = Debug|Any CPU
		{4ABA74F7-1548-4705-B24F-1C5D9BF19BCD}.Debug|ARM.ActiveCfg = Debug|Any CPU
		{4ABA74F7-1548-4705-B24F-1C5D9BF19BCD}.Debug|ARM.Build.0 = Debug|Any CPU
		{4ABA74F7-1548-4705-B24F-1C5D9BF19BCD}.Debug|ARM.Deploy.0 = Debug|Any CPU
		{4ABA74F7-1548-4705-B24F-1C5D9BF19BCD}.Debug|iPhone.ActiveCfg = Debug|Any CPU
		{4ABA74F7-1548-4705-B24F-1C5D9BF19BCD}.Debug|iPhone.Build.0 = Debug|Any CPU
		{4ABA74F7-1548-4705-B24F-1C5D9BF19BCD}.Debug|iPhone.Deploy.0 = Debug|Any CPU
		{4ABA74F7-1548-4705-B24F-1C5D9BF19BCD}.Debug|iPhoneSimulator.ActiveCfg = Debug|Any CPU
		{4ABA74F7-1548-4705-B24F-1C5D9BF19BCD}.Debug|iPhoneSimulator.Build.0 = Debug|Any CPU
		{4ABA74F7-1548-4705-B24F-1C5D9BF19BCD}.Debug|iPhoneSimulator.Deploy.0 = Debug|Any CPU
		{4ABA74F7-1548-4705-B24F-1C5D9BF19BCD}.Debug|x64.ActiveCfg = Debug|Any CPU
		{4ABA74F7-1548-4705-B24F-1C5D9BF19BCD}.Debug|x64.Build.0 = Debug|Any CPU
		{4ABA74F7-1548-4705-B24F-1C5D9BF19BCD}.Debug|x64.Deploy.0 = Debug|Any CPU
		{4ABA74F7-1548-4705-B24F-1C5D9BF19BCD}.Debug|x86.ActiveCfg = Debug|Any CPU
		{4ABA74F7-1548-4705-B24F-1C5D9BF19BCD}.Debug|x86.Build.0 = Debug|Any CPU
		{4ABA74F7-1548-4705-B24F-1C5D9BF19BCD}.Debug|x86.Deploy.0 = Debug|Any CPU
		{4ABA74F7-1548-4705-B24F-1C5D9BF19BCD}.Release|Any CPU.ActiveCfg = Release|Any CPU
		{4ABA74F7-1548-4705-B24F-1C5D9BF19BCD}.Release|Any CPU.Build.0 = Release|Any CPU
		{4ABA74F7-1548-4705-B24F-1C5D9BF19BCD}.Release|Any CPU.Deploy.0 = Release|Any CPU
		{4ABA74F7-1548-4705-B24F-1C5D9BF19BCD}.Release|ARM.ActiveCfg = Release|Any CPU
		{4ABA74F7-1548-4705-B24F-1C5D9BF19BCD}.Release|ARM.Build.0 = Release|Any CPU
		{4ABA74F7-1548-4705-B24F-1C5D9BF19BCD}.Release|ARM.Deploy.0 = Release|Any CPU
		{4ABA74F7-1548-4705-B24F-1C5D9BF19BCD}.Release|iPhone.ActiveCfg = Release|Any CPU
		{4ABA74F7-1548-4705-B24F-1C5D9BF19BCD}.Release|iPhone.Build.0 = Release|Any CPU
		{4ABA74F7-1548-4705-B24F-1C5D9BF19BCD}.Release|iPhone.Deploy.0 = Release|Any CPU
		{4ABA74F7-1548-4705-B24F-1C5D9BF19BCD}.Release|iPhoneSimulator.ActiveCfg = Release|Any CPU
		{4ABA74F7-1548-4705-B24F-1C5D9BF19BCD}.Release|iPhoneSimulator.Build.0 = Release|Any CPU
		{4ABA74F7-1548-4705-B24F-1C5D9BF19BCD}.Release|iPhoneSimulator.Deploy.0 = Release|Any CPU
		{4ABA74F7-1548-4705-B24F-1C5D9BF19BCD}.Release|x64.ActiveCfg = Release|Any CPU
		{4ABA74F7-1548-4705-B24F-1C5D9BF19BCD}.Release|x64.Build.0 = Release|Any CPU
		{4ABA74F7-1548-4705-B24F-1C5D9BF19BCD}.Release|x64.Deploy.0 = Release|Any CPU
		{4ABA74F7-1548-4705-B24F-1C5D9BF19BCD}.Release|x86.ActiveCfg = Release|Any CPU
		{4ABA74F7-1548-4705-B24F-1C5D9BF19BCD}.Release|x86.Build.0 = Release|Any CPU
		{4ABA74F7-1548-4705-B24F-1C5D9BF19BCD}.Release|x86.Deploy.0 = Release|Any CPU
		{444D40BA-673D-4B0F-A5AB-8E0B47C341CA}.Ad-Hoc|Any CPU.ActiveCfg = Ad-Hoc|iPhone
		{444D40BA-673D-4B0F-A5AB-8E0B47C341CA}.Ad-Hoc|ARM.ActiveCfg = Ad-Hoc|iPhone
		{444D40BA-673D-4B0F-A5AB-8E0B47C341CA}.Ad-Hoc|iPhone.ActiveCfg = Ad-Hoc|iPhone
		{444D40BA-673D-4B0F-A5AB-8E0B47C341CA}.Ad-Hoc|iPhone.Build.0 = Ad-Hoc|iPhone
		{444D40BA-673D-4B0F-A5AB-8E0B47C341CA}.Ad-Hoc|iPhoneSimulator.ActiveCfg = Ad-Hoc|iPhoneSimulator
		{444D40BA-673D-4B0F-A5AB-8E0B47C341CA}.Ad-Hoc|iPhoneSimulator.Build.0 = Ad-Hoc|iPhoneSimulator
		{444D40BA-673D-4B0F-A5AB-8E0B47C341CA}.Ad-Hoc|x64.ActiveCfg = Ad-Hoc|iPhone
		{444D40BA-673D-4B0F-A5AB-8E0B47C341CA}.Ad-Hoc|x86.ActiveCfg = Ad-Hoc|iPhone
		{444D40BA-673D-4B0F-A5AB-8E0B47C341CA}.AppStore|Any CPU.ActiveCfg = AppStore|iPhone
		{444D40BA-673D-4B0F-A5AB-8E0B47C341CA}.AppStore|ARM.ActiveCfg = AppStore|iPhone
		{444D40BA-673D-4B0F-A5AB-8E0B47C341CA}.AppStore|iPhone.ActiveCfg = AppStore|iPhone
		{444D40BA-673D-4B0F-A5AB-8E0B47C341CA}.AppStore|iPhone.Build.0 = AppStore|iPhone
		{444D40BA-673D-4B0F-A5AB-8E0B47C341CA}.AppStore|iPhoneSimulator.ActiveCfg = AppStore|iPhoneSimulator
		{444D40BA-673D-4B0F-A5AB-8E0B47C341CA}.AppStore|iPhoneSimulator.Build.0 = AppStore|iPhoneSimulator
		{444D40BA-673D-4B0F-A5AB-8E0B47C341CA}.AppStore|x64.ActiveCfg = AppStore|iPhone
		{444D40BA-673D-4B0F-A5AB-8E0B47C341CA}.AppStore|x86.ActiveCfg = AppStore|iPhone
		{444D40BA-673D-4B0F-A5AB-8E0B47C341CA}.Debug|Any CPU.ActiveCfg = Debug|iPhone
		{444D40BA-673D-4B0F-A5AB-8E0B47C341CA}.Debug|ARM.ActiveCfg = Debug|iPhone
		{444D40BA-673D-4B0F-A5AB-8E0B47C341CA}.Debug|iPhone.ActiveCfg = Debug|iPhone
		{444D40BA-673D-4B0F-A5AB-8E0B47C341CA}.Debug|iPhone.Build.0 = Debug|iPhone
		{444D40BA-673D-4B0F-A5AB-8E0B47C341CA}.Debug|iPhoneSimulator.ActiveCfg = Debug|iPhoneSimulator
		{444D40BA-673D-4B0F-A5AB-8E0B47C341CA}.Debug|iPhoneSimulator.Build.0 = Debug|iPhoneSimulator
		{444D40BA-673D-4B0F-A5AB-8E0B47C341CA}.Debug|x64.ActiveCfg = Debug|iPhone
		{444D40BA-673D-4B0F-A5AB-8E0B47C341CA}.Debug|x86.ActiveCfg = Debug|iPhone
		{444D40BA-673D-4B0F-A5AB-8E0B47C341CA}.Release|Any CPU.ActiveCfg = Release|iPhone
		{444D40BA-673D-4B0F-A5AB-8E0B47C341CA}.Release|ARM.ActiveCfg = Release|iPhone
		{444D40BA-673D-4B0F-A5AB-8E0B47C341CA}.Release|iPhone.ActiveCfg = Release|iPhone
		{444D40BA-673D-4B0F-A5AB-8E0B47C341CA}.Release|iPhone.Build.0 = Release|iPhone
		{444D40BA-673D-4B0F-A5AB-8E0B47C341CA}.Release|iPhoneSimulator.ActiveCfg = Release|iPhoneSimulator
		{444D40BA-673D-4B0F-A5AB-8E0B47C341CA}.Release|iPhoneSimulator.Build.0 = Release|iPhoneSimulator
		{444D40BA-673D-4B0F-A5AB-8E0B47C341CA}.Release|x64.ActiveCfg = Release|iPhone
		{444D40BA-673D-4B0F-A5AB-8E0B47C341CA}.Release|x86.ActiveCfg = Release|iPhone
		{E0C5C5C5-60FB-4DBD-93D1-CA2A73005C7E}.Ad-Hoc|Any CPU.ActiveCfg = Release|x86
		{E0C5C5C5-60FB-4DBD-93D1-CA2A73005C7E}.Ad-Hoc|Any CPU.Build.0 = Release|x86
		{E0C5C5C5-60FB-4DBD-93D1-CA2A73005C7E}.Ad-Hoc|Any CPU.Deploy.0 = Release|x86
		{E0C5C5C5-60FB-4DBD-93D1-CA2A73005C7E}.Ad-Hoc|ARM.ActiveCfg = Release|ARM
		{E0C5C5C5-60FB-4DBD-93D1-CA2A73005C7E}.Ad-Hoc|ARM.Build.0 = Release|ARM
		{E0C5C5C5-60FB-4DBD-93D1-CA2A73005C7E}.Ad-Hoc|ARM.Deploy.0 = Release|ARM
		{E0C5C5C5-60FB-4DBD-93D1-CA2A73005C7E}.Ad-Hoc|iPhone.ActiveCfg = Release|x86
		{E0C5C5C5-60FB-4DBD-93D1-CA2A73005C7E}.Ad-Hoc|iPhone.Build.0 = Release|x86
		{E0C5C5C5-60FB-4DBD-93D1-CA2A73005C7E}.Ad-Hoc|iPhone.Deploy.0 = Release|x86
		{E0C5C5C5-60FB-4DBD-93D1-CA2A73005C7E}.Ad-Hoc|iPhoneSimulator.ActiveCfg = Release|x86
		{E0C5C5C5-60FB-4DBD-93D1-CA2A73005C7E}.Ad-Hoc|iPhoneSimulator.Build.0 = Release|x86
		{E0C5C5C5-60FB-4DBD-93D1-CA2A73005C7E}.Ad-Hoc|iPhoneSimulator.Deploy.0 = Release|x86
		{E0C5C5C5-60FB-4DBD-93D1-CA2A73005C7E}.Ad-Hoc|x64.ActiveCfg = Release|x64
		{E0C5C5C5-60FB-4DBD-93D1-CA2A73005C7E}.Ad-Hoc|x64.Build.0 = Release|x64
		{E0C5C5C5-60FB-4DBD-93D1-CA2A73005C7E}.Ad-Hoc|x64.Deploy.0 = Release|x64
		{E0C5C5C5-60FB-4DBD-93D1-CA2A73005C7E}.Ad-Hoc|x86.ActiveCfg = Release|x86
		{E0C5C5C5-60FB-4DBD-93D1-CA2A73005C7E}.Ad-Hoc|x86.Build.0 = Release|x86
		{E0C5C5C5-60FB-4DBD-93D1-CA2A73005C7E}.Ad-Hoc|x86.Deploy.0 = Release|x86
		{E0C5C5C5-60FB-4DBD-93D1-CA2A73005C7E}.AppStore|Any CPU.ActiveCfg = Release|x86
		{E0C5C5C5-60FB-4DBD-93D1-CA2A73005C7E}.AppStore|Any CPU.Build.0 = Release|x86
		{E0C5C5C5-60FB-4DBD-93D1-CA2A73005C7E}.AppStore|Any CPU.Deploy.0 = Release|x86
		{E0C5C5C5-60FB-4DBD-93D1-CA2A73005C7E}.AppStore|ARM.ActiveCfg = Release|ARM
		{E0C5C5C5-60FB-4DBD-93D1-CA2A73005C7E}.AppStore|ARM.Build.0 = Release|ARM
		{E0C5C5C5-60FB-4DBD-93D1-CA2A73005C7E}.AppStore|ARM.Deploy.0 = Release|ARM
		{E0C5C5C5-60FB-4DBD-93D1-CA2A73005C7E}.AppStore|iPhone.ActiveCfg = Release|x86
		{E0C5C5C5-60FB-4DBD-93D1-CA2A73005C7E}.AppStore|iPhone.Build.0 = Release|x86
		{E0C5C5C5-60FB-4DBD-93D1-CA2A73005C7E}.AppStore|iPhone.Deploy.0 = Release|x86
		{E0C5C5C5-60FB-4DBD-93D1-CA2A73005C7E}.AppStore|iPhoneSimulator.ActiveCfg = Release|x86
		{E0C5C5C5-60FB-4DBD-93D1-CA2A73005C7E}.AppStore|iPhoneSimulator.Build.0 = Release|x86
		{E0C5C5C5-60FB-4DBD-93D1-CA2A73005C7E}.AppStore|iPhoneSimulator.Deploy.0 = Release|x86
		{E0C5C5C5-60FB-4DBD-93D1-CA2A73005C7E}.AppStore|x64.ActiveCfg = Release|x64
		{E0C5C5C5-60FB-4DBD-93D1-CA2A73005C7E}.AppStore|x64.Build.0 = Release|x64
		{E0C5C5C5-60FB-4DBD-93D1-CA2A73005C7E}.AppStore|x64.Deploy.0 = Release|x64
		{E0C5C5C5-60FB-4DBD-93D1-CA2A73005C7E}.AppStore|x86.ActiveCfg = Release|x86
		{E0C5C5C5-60FB-4DBD-93D1-CA2A73005C7E}.AppStore|x86.Build.0 = Release|x86
		{E0C5C5C5-60FB-4DBD-93D1-CA2A73005C7E}.AppStore|x86.Deploy.0 = Release|x86
		{E0C5C5C5-60FB-4DBD-93D1-CA2A73005C7E}.Debug|Any CPU.ActiveCfg = Debug|x86
		{E0C5C5C5-60FB-4DBD-93D1-CA2A73005C7E}.Debug|ARM.ActiveCfg = Debug|ARM
		{E0C5C5C5-60FB-4DBD-93D1-CA2A73005C7E}.Debug|ARM.Build.0 = Debug|ARM
		{E0C5C5C5-60FB-4DBD-93D1-CA2A73005C7E}.Debug|ARM.Deploy.0 = Debug|ARM
		{E0C5C5C5-60FB-4DBD-93D1-CA2A73005C7E}.Debug|iPhone.ActiveCfg = Debug|x86
		{E0C5C5C5-60FB-4DBD-93D1-CA2A73005C7E}.Debug|iPhoneSimulator.ActiveCfg = Debug|x86
		{E0C5C5C5-60FB-4DBD-93D1-CA2A73005C7E}.Debug|x64.ActiveCfg = Debug|x64
		{E0C5C5C5-60FB-4DBD-93D1-CA2A73005C7E}.Debug|x64.Build.0 = Debug|x64
		{E0C5C5C5-60FB-4DBD-93D1-CA2A73005C7E}.Debug|x64.Deploy.0 = Debug|x64
		{E0C5C5C5-60FB-4DBD-93D1-CA2A73005C7E}.Debug|x86.ActiveCfg = Debug|x86
		{E0C5C5C5-60FB-4DBD-93D1-CA2A73005C7E}.Debug|x86.Build.0 = Debug|x86
		{E0C5C5C5-60FB-4DBD-93D1-CA2A73005C7E}.Debug|x86.Deploy.0 = Debug|x86
		{E0C5C5C5-60FB-4DBD-93D1-CA2A73005C7E}.Release|Any CPU.ActiveCfg = Release|x86
		{E0C5C5C5-60FB-4DBD-93D1-CA2A73005C7E}.Release|ARM.ActiveCfg = Release|ARM
		{E0C5C5C5-60FB-4DBD-93D1-CA2A73005C7E}.Release|ARM.Build.0 = Release|ARM
		{E0C5C5C5-60FB-4DBD-93D1-CA2A73005C7E}.Release|ARM.Deploy.0 = Release|ARM
		{E0C5C5C5-60FB-4DBD-93D1-CA2A73005C7E}.Release|iPhone.ActiveCfg = Release|x86
		{E0C5C5C5-60FB-4DBD-93D1-CA2A73005C7E}.Release|iPhoneSimulator.ActiveCfg = Release|x86
		{E0C5C5C5-60FB-4DBD-93D1-CA2A73005C7E}.Release|x64.ActiveCfg = Release|x64
		{E0C5C5C5-60FB-4DBD-93D1-CA2A73005C7E}.Release|x64.Build.0 = Release|x64
		{E0C5C5C5-60FB-4DBD-93D1-CA2A73005C7E}.Release|x64.Deploy.0 = Release|x64
		{E0C5C5C5-60FB-4DBD-93D1-CA2A73005C7E}.Release|x86.ActiveCfg = Release|x86
		{E0C5C5C5-60FB-4DBD-93D1-CA2A73005C7E}.Release|x86.Build.0 = Release|x86
		{E0C5C5C5-60FB-4DBD-93D1-CA2A73005C7E}.Release|x86.Deploy.0 = Release|x86
	EndGlobalSection
	GlobalSection(SolutionProperties) = preSolution
		HideSolutionNode = FALSE
	EndGlobalSection
EndGlobal
